
Microsoft Visual Studio Solution File, Format Version 12.00
# Visual Studio Version 17
VisualStudioVersion = 17.8.34511.84
MinimumVisualStudioVersion = 10.0.40219.1
Project("{FAE04EC0-301F-11D3-BF4B-00C04F79EFBC}") = "Amicable_Numbers_Checker", "Amicable_Numbers_Checker.csproj", "{10ADB2BC-2FE3-45E9-AB75-F3E97F7C4016}"
EndProject
Global
	GlobalSection(SolutionConfigurationPlatforms) = preSolution
		Debug|Any CPU = Debug|Any CPU
		Release|Any CPU = Release|Any CPU
	EndGlobalSection
	GlobalSection(ProjectConfigurationPlatforms) = postSolution
		{10ADB2BC-2FE3-45E9-AB75-F3E97F7C4016}.Debug|Any CPU.ActiveCfg = Debug|Any CPU
		{10ADB2BC-2FE3-45E9-AB75-F3E97F7C4016}.Debug|Any CPU.Build.0 = Debug|Any CPU
		{10ADB2BC-2FE3-45E9-AB75-F3E97F7C4016}.Release|Any CPU.ActiveCfg = Release|Any CPU
		{10ADB2BC-2FE3-45E9-AB75-F3E97F7C4016}.Release|Any CPU.Build.0 = Release|Any CPU
	EndGlobalSection
	GlobalSection(SolutionProperties) = preSolution
		HideSolutionNode = FALSE
	EndGlobalSection
	GlobalSection(ExtensibilityGlobals) = postSolution
		SolutionGuid = {9D64FBF5-8526-487D-9D6B-3EDE7C7E5121}
	EndGlobalSection
EndGlobal
